// !$*UTF8*$!
{
	archiveVersion = 1;
	classes = {
	};
	objectVersion = 56;
	objects = {

/* Begin PBXBuildFile section */
		F975499A2AC1E0D900DA5AFD /* AppDelegate.swift in Sources */ = {isa = PBXBuildFile; fileRef = F97549992AC1E0D900DA5AFD /* AppDelegate.swift */; };
		F975499C2AC1E0D900DA5AFD /* SceneDelegate.swift in Sources */ = {isa = PBXBuildFile; fileRef = F975499B2AC1E0D900DA5AFD /* SceneDelegate.swift */; };
		F975499E2AC1E0D900DA5AFD /* PlayController.swift in Sources */ = {isa = PBXBuildFile; fileRef = F975499D2AC1E0D900DA5AFD /* PlayController.swift */; };
		F97549A12AC1E0D900DA5AFD /* Main.storyboard in Resources */ = {isa = PBXBuildFile; fileRef = F975499F2AC1E0D900DA5AFD /* Main.storyboard */; };
		F97549A32AC1E0DA00DA5AFD /* Assets.xcassets in Resources */ = {isa = PBXBuildFile; fileRef = F97549A22AC1E0DA00DA5AFD /* Assets.xcassets */; };
		F97549A62AC1E0DA00DA5AFD /* LaunchScreen.storyboard in Resources */ = {isa = PBXBuildFile; fileRef = F97549A42AC1E0DA00DA5AFD /* LaunchScreen.storyboard */; };
		F97549AF2AC1E13F00DA5AFD /* SnapKit in Frameworks */ = {isa = PBXBuildFile; productRef = F97549AE2AC1E13F00DA5AFD /* SnapKit */; };
		F97549B22AC1E14B00DA5AFD /* Kingfisher in Frameworks */ = {isa = PBXBuildFile; productRef = F97549B12AC1E14B00DA5AFD /* Kingfisher */; };
		F97549B52AC1E15600DA5AFD /* Alamofire in Frameworks */ = {isa = PBXBuildFile; productRef = F97549B42AC1E15600DA5AFD /* Alamofire */; };
		F97549B82AC1E2EF00DA5AFD /* PlayerControlButton.swift in Sources */ = {isa = PBXBuildFile; fileRef = F97549B72AC1E2EF00DA5AFD /* PlayerControlButton.swift */; };
		F97549BA2AC1E49000DA5AFD /* PlayerControlButtonType.swift in Sources */ = {isa = PBXBuildFile; fileRef = F97549B92AC1E49000DA5AFD /* PlayerControlButtonType.swift */; };
		F97549BD2AC1EAD800DA5AFD /* PlayerSeekbar.swift in Sources */ = {isa = PBXBuildFile; fileRef = F97549BC2AC1EAD800DA5AFD /* PlayerSeekbar.swift */; };
		F97549C02AC3400800DA5AFD /* RxCocoa in Frameworks */ = {isa = PBXBuildFile; productRef = F97549BF2AC3400800DA5AFD /* RxCocoa */; };
		F97549C22AC3400800DA5AFD /* RxRelay in Frameworks */ = {isa = PBXBuildFile; productRef = F97549C12AC3400800DA5AFD /* RxRelay */; };
		F97549C42AC3400800DA5AFD /* RxSwift in Frameworks */ = {isa = PBXBuildFile; productRef = F97549C32AC3400800DA5AFD /* RxSwift */; };
		F97549C72AC3402200DA5AFD /* RxGesture in Frameworks */ = {isa = PBXBuildFile; productRef = F97549C62AC3402200DA5AFD /* RxGesture */; };
		F9DE31662AC59F840028885E /* MusicPlayer.swift in Sources */ = {isa = PBXBuildFile; fileRef = F9DE31652AC59F840028885E /* MusicPlayer.swift */; };
		F9ED8B1C2AC7EFE000515973 /* PlayStatus.swift in Sources */ = {isa = PBXBuildFile; fileRef = F9ED8B1B2AC7EFE000515973 /* PlayStatus.swift */; };
		F9ED8B1E2AC7FAC100515973 /* LyricsController.swift in Sources */ = {isa = PBXBuildFile; fileRef = F9ED8B1D2AC7FAC100515973 /* LyricsController.swift */; };
		F9ED8B222AC7FC6600515973 /* UIViewController+Ext.swift in Sources */ = {isa = PBXBuildFile; fileRef = F9ED8B212AC7FC6600515973 /* UIViewController+Ext.swift */; };
		F9ED8B252AC8252C00515973 /* PlayerFooterStackView.swift in Sources */ = {isa = PBXBuildFile; fileRef = F9ED8B242AC8252C00515973 /* PlayerFooterStackView.swift */; };
/* End PBXBuildFile section */

/* Begin PBXFileReference section */
		F97549962AC1E0D900DA5AFD /* FloMusicPlayer.app */ = {isa = PBXFileReference; explicitFileType = wrapper.application; includeInIndex = 0; path = FloMusicPlayer.app; sourceTree = BUILT_PRODUCTS_DIR; };
		F97549992AC1E0D900DA5AFD /* AppDelegate.swift */ = {isa = PBXFileReference; lastKnownFileType = sourcecode.swift; path = AppDelegate.swift; sourceTree = "<group>"; };
		F975499B2AC1E0D900DA5AFD /* SceneDelegate.swift */ = {isa = PBXFileReference; lastKnownFileType = sourcecode.swift; path = SceneDelegate.swift; sourceTree = "<group>"; };
		F975499D2AC1E0D900DA5AFD /* PlayController.swift */ = {isa = PBXFileReference; lastKnownFileType = sourcecode.swift; path = PlayController.swift; sourceTree = "<group>"; };
		F97549A02AC1E0D900DA5AFD /* Base */ = {isa = PBXFileReference; lastKnownFileType = file.storyboard; name = Base; path = Base.lproj/Main.storyboard; sourceTree = "<group>"; };
		F97549A22AC1E0DA00DA5AFD /* Assets.xcassets */ = {isa = PBXFileReference; lastKnownFileType = folder.assetcatalog; path = Assets.xcassets; sourceTree = "<group>"; };
		F97549A52AC1E0DA00DA5AFD /* Base */ = {isa = PBXFileReference; lastKnownFileType = file.storyboard; name = Base; path = Base.lproj/LaunchScreen.storyboard; sourceTree = "<group>"; };
		F97549A72AC1E0DA00DA5AFD /* Info.plist */ = {isa = PBXFileReference; lastKnownFileType = text.plist.xml; path = Info.plist; sourceTree = "<group>"; };
		F97549B72AC1E2EF00DA5AFD /* PlayerControlButton.swift */ = {isa = PBXFileReference; lastKnownFileType = sourcecode.swift; path = PlayerControlButton.swift; sourceTree = "<group>"; };
		F97549B92AC1E49000DA5AFD /* PlayerControlButtonType.swift */ = {isa = PBXFileReference; lastKnownFileType = sourcecode.swift; path = PlayerControlButtonType.swift; sourceTree = "<group>"; };
		F97549BC2AC1EAD800DA5AFD /* PlayerSeekbar.swift */ = {isa = PBXFileReference; lastKnownFileType = sourcecode.swift; path = PlayerSeekbar.swift; sourceTree = "<group>"; };
		F9DE31652AC59F840028885E /* MusicPlayer.swift */ = {isa = PBXFileReference; lastKnownFileType = sourcecode.swift; path = MusicPlayer.swift; sourceTree = "<group>"; };
		F9ED8B1B2AC7EFE000515973 /* PlayStatus.swift */ = {isa = PBXFileReference; lastKnownFileType = sourcecode.swift; path = PlayStatus.swift; sourceTree = "<group>"; };
		F9ED8B1D2AC7FAC100515973 /* LyricsController.swift */ = {isa = PBXFileReference; lastKnownFileType = sourcecode.swift; path = LyricsController.swift; sourceTree = "<group>"; };
		F9ED8B212AC7FC6600515973 /* UIViewController+Ext.swift */ = {isa = PBXFileReference; lastKnownFileType = sourcecode.swift; path = "UIViewController+Ext.swift"; sourceTree = "<group>"; };
		F9ED8B242AC8252C00515973 /* PlayerFooterStackView.swift */ = {isa = PBXFileReference; lastKnownFileType = sourcecode.swift; path = PlayerFooterStackView.swift; sourceTree = "<group>"; };
/* End PBXFileReference section */

/* Begin PBXFrameworksBuildPhase section */
		F97549932AC1E0D900DA5AFD /* Frameworks */ = {
			isa = PBXFrameworksBuildPhase;
			buildActionMask = 2147483647;
			files = (
				F97549C42AC3400800DA5AFD /* RxSwift in Frameworks */,
				F97549C22AC3400800DA5AFD /* RxRelay in Frameworks */,
				F97549B52AC1E15600DA5AFD /* Alamofire in Frameworks */,
				F97549B22AC1E14B00DA5AFD /* Kingfisher in Frameworks */,
				F97549C02AC3400800DA5AFD /* RxCocoa in Frameworks */,
				F97549AF2AC1E13F00DA5AFD /* SnapKit in Frameworks */,
				F97549C72AC3402200DA5AFD /* RxGesture in Frameworks */,
			);
			runOnlyForDeploymentPostprocessing = 0;
		};
/* End PBXFrameworksBuildPhase section */

/* Begin PBXGroup section */
		F975498D2AC1E0D900DA5AFD = {
			isa = PBXGroup;
			children = (
				F97549982AC1E0D900DA5AFD /* FloMusicPlayer */,
				F97549972AC1E0D900DA5AFD /* Products */,
			);
			sourceTree = "<group>";
		};
		F97549972AC1E0D900DA5AFD /* Products */ = {
			isa = PBXGroup;
			children = (
				F97549962AC1E0D900DA5AFD /* FloMusicPlayer.app */,
			);
			name = Products;
			sourceTree = "<group>";
		};
		F97549982AC1E0D900DA5AFD /* FloMusicPlayer */ = {
			isa = PBXGroup;
			children = (
				F9ED8B1F2AC7FC4900515973 /* Util */,
				F9DE31642AC59F6D0028885E /* MusicPlayer */,
				F97549BB2AC1EAB100DA5AFD /* PlayerSeekbar */,
				F97549B62AC1E2CD00DA5AFD /* PlayerControlButtons */,
				F9ED8B232AC824F900515973 /* PlayerScene */,
				F97549992AC1E0D900DA5AFD /* AppDelegate.swift */,
				F975499B2AC1E0D900DA5AFD /* SceneDelegate.swift */,
				F975499F2AC1E0D900DA5AFD /* Main.storyboard */,
				F97549A22AC1E0DA00DA5AFD /* Assets.xcassets */,
				F97549A42AC1E0DA00DA5AFD /* LaunchScreen.storyboard */,
				F97549A72AC1E0DA00DA5AFD /* Info.plist */,
			);
			path = FloMusicPlayer;
			sourceTree = "<group>";
		};
		F97549B62AC1E2CD00DA5AFD /* PlayerControlButtons */ = {
			isa = PBXGroup;
			children = (
				F97549B72AC1E2EF00DA5AFD /* PlayerControlButton.swift */,
				F97549B92AC1E49000DA5AFD /* PlayerControlButtonType.swift */,
			);
			path = PlayerControlButtons;
			sourceTree = "<group>";
		};
		F97549BB2AC1EAB100DA5AFD /* PlayerSeekbar */ = {
			isa = PBXGroup;
			children = (
				F97549BC2AC1EAD800DA5AFD /* PlayerSeekbar.swift */,
			);
			path = PlayerSeekbar;
			sourceTree = "<group>";
		};
		F9DE31642AC59F6D0028885E /* MusicPlayer */ = {
			isa = PBXGroup;
			children = (
				F9DE31652AC59F840028885E /* MusicPlayer.swift */,
				F9ED8B1B2AC7EFE000515973 /* PlayStatus.swift */,
			);
			path = MusicPlayer;
			sourceTree = "<group>";
		};
		F9ED8B1F2AC7FC4900515973 /* Util */ = {
			isa = PBXGroup;
			children = (
				F9ED8B202AC7FC5400515973 /* Extension */,
			);
			path = Util;
			sourceTree = "<group>";
		};
		F9ED8B202AC7FC5400515973 /* Extension */ = {
			isa = PBXGroup;
			children = (
				F9ED8B212AC7FC6600515973 /* UIViewController+Ext.swift */,
			);
			path = Extension;
			sourceTree = "<group>";
		};
		F9ED8B232AC824F900515973 /* PlayerScene */ = {
			isa = PBXGroup;
			children = (
				F975499D2AC1E0D900DA5AFD /* PlayController.swift */,
				F9ED8B242AC8252C00515973 /* PlayerFooterStackView.swift */,
				F9ED8B1D2AC7FAC100515973 /* LyricsController.swift */,
			);
			path = PlayerScene;
			sourceTree = "<group>";
		};
/* End PBXGroup section */

/* Begin PBXNativeTarget section */
		F97549952AC1E0D900DA5AFD /* FloMusicPlayer */ = {
			isa = PBXNativeTarget;
			buildConfigurationList = F97549AA2AC1E0DA00DA5AFD /* Build configuration list for PBXNativeTarget "FloMusicPlayer" */;
			buildPhases = (
				F97549922AC1E0D900DA5AFD /* Sources */,
				F97549932AC1E0D900DA5AFD /* Frameworks */,
				F97549942AC1E0D900DA5AFD /* Resources */,
			);
			buildRules = (
			);
			dependencies = (
			);
			name = FloMusicPlayer;
			packageProductDependencies = (
				F97549AE2AC1E13F00DA5AFD /* SnapKit */,
				F97549B12AC1E14B00DA5AFD /* Kingfisher */,
				F97549B42AC1E15600DA5AFD /* Alamofire */,
				F97549BF2AC3400800DA5AFD /* RxCocoa */,
				F97549C12AC3400800DA5AFD /* RxRelay */,
				F97549C32AC3400800DA5AFD /* RxSwift */,
				F97549C62AC3402200DA5AFD /* RxGesture */,
			);
			productName = FloMusicPlayer;
			productReference = F97549962AC1E0D900DA5AFD /* FloMusicPlayer.app */;
			productType = "com.apple.product-type.application";
		};
/* End PBXNativeTarget section */

/* Begin PBXProject section */
		F975498E2AC1E0D900DA5AFD /* Project object */ = {
			isa = PBXProject;
			attributes = {
				BuildIndependentTargetsInParallel = 1;
				LastSwiftUpdateCheck = 1430;
				LastUpgradeCheck = 1430;
				TargetAttributes = {
					F97549952AC1E0D900DA5AFD = {
						CreatedOnToolsVersion = 14.3;
					};
				};
			};
			buildConfigurationList = F97549912AC1E0D900DA5AFD /* Build configuration list for PBXProject "FloMusicPlayer" */;
			compatibilityVersion = "Xcode 14.0";
			developmentRegion = en;
			hasScannedForEncodings = 0;
			knownRegions = (
				en,
				Base,
			);
			mainGroup = F975498D2AC1E0D900DA5AFD;
			packageReferences = (
				F97549AD2AC1E13F00DA5AFD /* XCRemoteSwiftPackageReference "SnapKit" */,
				F97549B02AC1E14B00DA5AFD /* XCRemoteSwiftPackageReference "Kingfisher" */,
				F97549B32AC1E15600DA5AFD /* XCRemoteSwiftPackageReference "Alamofire" */,
				F97549BE2AC3400800DA5AFD /* XCRemoteSwiftPackageReference "RxSwift" */,
				F97549C52AC3402200DA5AFD /* XCRemoteSwiftPackageReference "RxGesture" */,
			);
			productRefGroup = F97549972AC1E0D900DA5AFD /* Products */;
			projectDirPath = "";
			projectRoot = "";
			targets = (
				F97549952AC1E0D900DA5AFD /* FloMusicPlayer */,
			);
		};
/* End PBXProject section */

/* Begin PBXResourcesBuildPhase section */
		F97549942AC1E0D900DA5AFD /* Resources */ = {
			isa = PBXResourcesBuildPhase;
			buildActionMask = 2147483647;
			files = (
				F97549A62AC1E0DA00DA5AFD /* LaunchScreen.storyboard in Resources */,
				F97549A32AC1E0DA00DA5AFD /* Assets.xcassets in Resources */,
				F97549A12AC1E0D900DA5AFD /* Main.storyboard in Resources */,
			);
			runOnlyForDeploymentPostprocessing = 0;
		};
/* End PBXResourcesBuildPhase section */

/* Begin PBXSourcesBuildPhase section */
		F97549922AC1E0D900DA5AFD /* Sources */ = {
			isa = PBXSourcesBuildPhase;
			buildActionMask = 2147483647;
			files = (
				F9ED8B252AC8252C00515973 /* PlayerFooterStackView.swift in Sources */,
				F975499E2AC1E0D900DA5AFD /* PlayController.swift in Sources */,
				F97549BA2AC1E49000DA5AFD /* PlayerControlButtonType.swift in Sources */,
				F97549B82AC1E2EF00DA5AFD /* PlayerControlButton.swift in Sources */,
				F9ED8B1E2AC7FAC100515973 /* LyricsController.swift in Sources */,
				F97549BD2AC1EAD800DA5AFD /* PlayerSeekbar.swift in Sources */,
				F9DE31662AC59F840028885E /* MusicPlayer.swift in Sources */,
				F9ED8B1C2AC7EFE000515973 /* PlayStatus.swift in Sources */,
				F975499A2AC1E0D900DA5AFD /* AppDelegate.swift in Sources */,
				F9ED8B222AC7FC6600515973 /* UIViewController+Ext.swift in Sources */,
				F975499C2AC1E0D900DA5AFD /* SceneDelegate.swift in Sources */,
			);
			runOnlyForDeploymentPostprocessing = 0;
		};
/* End PBXSourcesBuildPhase section */

/* Begin PBXVariantGroup section */
		F975499F2AC1E0D900DA5AFD /* Main.storyboard */ = {
			isa = PBXVariantGroup;
			children = (
				F97549A02AC1E0D900DA5AFD /* Base */,
			);
			name = Main.storyboard;
			sourceTree = "<group>";
		};
		F97549A42AC1E0DA00DA5AFD /* LaunchScreen.storyboard */ = {
			isa = PBXVariantGroup;
			children = (
				F97549A52AC1E0DA00DA5AFD /* Base */,
			);
			name = LaunchScreen.storyboard;
			sourceTree = "<group>";
		};
/* End PBXVariantGroup section */

/* Begin XCBuildConfiguration section */
		F97549A82AC1E0DA00DA5AFD /* Debug */ = {
			isa = XCBuildConfiguration;
			buildSettings = {
				ALWAYS_SEARCH_USER_PATHS = NO;
				CLANG_ANALYZER_NONNULL = YES;
				CLANG_ANALYZER_NUMBER_OBJECT_CONVERSION = YES_AGGRESSIVE;
				CLANG_CXX_LANGUAGE_STANDARD = "gnu++20";
				CLANG_ENABLE_MODULES = YES;
				CLANG_ENABLE_OBJC_ARC = YES;
				CLANG_ENABLE_OBJC_WEAK = YES;
				CLANG_WARN_BLOCK_CAPTURE_AUTORELEASING = YES;
				CLANG_WARN_BOOL_CONVERSION = YES;
				CLANG_WARN_COMMA = YES;
				CLANG_WARN_CONSTANT_CONVERSION = YES;
				CLANG_WARN_DEPRECATED_OBJC_IMPLEMENTATIONS = YES;
				CLANG_WARN_DIRECT_OBJC_ISA_USAGE = YES_ERROR;
				CLANG_WARN_DOCUMENTATION_COMMENTS = YES;
				CLANG_WARN_EMPTY_BODY = YES;
				CLANG_WARN_ENUM_CONVERSION = YES;
				CLANG_WARN_INFINITE_RECURSION = YES;
				CLANG_WARN_INT_CONVERSION = YES;
				CLANG_WARN_NON_LITERAL_NULL_CONVERSION = YES;
				CLANG_WARN_OBJC_IMPLICIT_RETAIN_SELF = YES;
				CLANG_WARN_OBJC_LITERAL_CONVERSION = YES;
				CLANG_WARN_OBJC_ROOT_CLASS = YES_ERROR;
				CLANG_WARN_QUOTED_INCLUDE_IN_FRAMEWORK_HEADER = YES;
				CLANG_WARN_RANGE_LOOP_ANALYSIS = YES;
				CLANG_WARN_STRICT_PROTOTYPES = YES;
				CLANG_WARN_SUSPICIOUS_MOVE = YES;
				CLANG_WARN_UNGUARDED_AVAILABILITY = YES_AGGRESSIVE;
				CLANG_WARN_UNREACHABLE_CODE = YES;
				CLANG_WARN__DUPLICATE_METHOD_MATCH = YES;
				COPY_PHASE_STRIP = NO;
				DEBUG_INFORMATION_FORMAT = dwarf;
				ENABLE_STRICT_OBJC_MSGSEND = YES;
				ENABLE_TESTABILITY = YES;
				GCC_C_LANGUAGE_STANDARD = gnu11;
				GCC_DYNAMIC_NO_PIC = NO;
				GCC_NO_COMMON_BLOCKS = YES;
				GCC_OPTIMIZATION_LEVEL = 0;
				GCC_PREPROCESSOR_DEFINITIONS = (
					"DEBUG=1",
					"$(inherited)",
				);
				GCC_WARN_64_TO_32_BIT_CONVERSION = YES;
				GCC_WARN_ABOUT_RETURN_TYPE = YES_ERROR;
				GCC_WARN_UNDECLARED_SELECTOR = YES;
				GCC_WARN_UNINITIALIZED_AUTOS = YES_AGGRESSIVE;
				GCC_WARN_UNUSED_FUNCTION = YES;
				GCC_WARN_UNUSED_VARIABLE = YES;
				IPHONEOS_DEPLOYMENT_TARGET = 16.4;
				MTL_ENABLE_DEBUG_INFO = INCLUDE_SOURCE;
				MTL_FAST_MATH = YES;
				ONLY_ACTIVE_ARCH = YES;
				SDKROOT = iphoneos;
				SWIFT_ACTIVE_COMPILATION_CONDITIONS = DEBUG;
				SWIFT_OPTIMIZATION_LEVEL = "-Onone";
			};
			name = Debug;
		};
		F97549A92AC1E0DA00DA5AFD /* Release */ = {
			isa = XCBuildConfiguration;
			buildSettings = {
				ALWAYS_SEARCH_USER_PATHS = NO;
				CLANG_ANALYZER_NONNULL = YES;
				CLANG_ANALYZER_NUMBER_OBJECT_CONVERSION = YES_AGGRESSIVE;
				CLANG_CXX_LANGUAGE_STANDARD = "gnu++20";
				CLANG_ENABLE_MODULES = YES;
				CLANG_ENABLE_OBJC_ARC = YES;
				CLANG_ENABLE_OBJC_WEAK = YES;
				CLANG_WARN_BLOCK_CAPTURE_AUTORELEASING = YES;
				CLANG_WARN_BOOL_CONVERSION = YES;
				CLANG_WARN_COMMA = YES;
				CLANG_WARN_CONSTANT_CONVERSION = YES;
				CLANG_WARN_DEPRECATED_OBJC_IMPLEMENTATIONS = YES;
				CLANG_WARN_DIRECT_OBJC_ISA_USAGE = YES_ERROR;
				CLANG_WARN_DOCUMENTATION_COMMENTS = YES;
				CLANG_WARN_EMPTY_BODY = YES;
				CLANG_WARN_ENUM_CONVERSION = YES;
				CLANG_WARN_INFINITE_RECURSION = YES;
				CLANG_WARN_INT_CONVERSION = YES;
				CLANG_WARN_NON_LITERAL_NULL_CONVERSION = YES;
				CLANG_WARN_OBJC_IMPLICIT_RETAIN_SELF = YES;
				CLANG_WARN_OBJC_LITERAL_CONVERSION = YES;
				CLANG_WARN_OBJC_ROOT_CLASS = YES_ERROR;
				CLANG_WARN_QUOTED_INCLUDE_IN_FRAMEWORK_HEADER = YES;
				CLANG_WARN_RANGE_LOOP_ANALYSIS = YES;
				CLANG_WARN_STRICT_PROTOTYPES = YES;
				CLANG_WARN_SUSPICIOUS_MOVE = YES;
				CLANG_WARN_UNGUARDED_AVAILABILITY = YES_AGGRESSIVE;
				CLANG_WARN_UNREACHABLE_CODE = YES;
				CLANG_WARN__DUPLICATE_METHOD_MATCH = YES;
				COPY_PHASE_STRIP = NO;
				DEBUG_INFORMATION_FORMAT = "dwarf-with-dsym";
				ENABLE_NS_ASSERTIONS = NO;
				ENABLE_STRICT_OBJC_MSGSEND = YES;
				GCC_C_LANGUAGE_STANDARD = gnu11;
				GCC_NO_COMMON_BLOCKS = YES;
				GCC_WARN_64_TO_32_BIT_CONVERSION = YES;
				GCC_WARN_ABOUT_RETURN_TYPE = YES_ERROR;
				GCC_WARN_UNDECLARED_SELECTOR = YES;
				GCC_WARN_UNINITIALIZED_AUTOS = YES_AGGRESSIVE;
				GCC_WARN_UNUSED_FUNCTION = YES;
				GCC_WARN_UNUSED_VARIABLE = YES;
				IPHONEOS_DEPLOYMENT_TARGET = 16.4;
				MTL_ENABLE_DEBUG_INFO = NO;
				MTL_FAST_MATH = YES;
				SDKROOT = iphoneos;
				SWIFT_COMPILATION_MODE = wholemodule;
				SWIFT_OPTIMIZATION_LEVEL = "-O";
				VALIDATE_PRODUCT = YES;
			};
			name = Release;
		};
		F97549AB2AC1E0DA00DA5AFD /* Debug */ = {
			isa = XCBuildConfiguration;
			buildSettings = {
				ASSETCATALOG_COMPILER_APPICON_NAME = AppIcon;
				ASSETCATALOG_COMPILER_GLOBAL_ACCENT_COLOR_NAME = AccentColor;
				CODE_SIGN_STYLE = Automatic;
				CURRENT_PROJECT_VERSION = 1;
				DEVELOPMENT_TEAM = 846TMZL7WC;
				GENERATE_INFOPLIST_FILE = YES;
				INFOPLIST_FILE = FloMusicPlayer/Info.plist;
				INFOPLIST_KEY_UIApplicationSupportsIndirectInputEvents = YES;
				INFOPLIST_KEY_UILaunchStoryboardName = LaunchScreen;
				INFOPLIST_KEY_UIMainStoryboardFile = Main;
				INFOPLIST_KEY_UIStatusBarStyle = UIStatusBarStyleDarkContent;
				INFOPLIST_KEY_UISupportedInterfaceOrientations_iPad = "UIInterfaceOrientationPortrait UIInterfaceOrientationPortraitUpsideDown UIInterfaceOrientationLandscapeLeft UIInterfaceOrientationLandscapeRight";
				INFOPLIST_KEY_UISupportedInterfaceOrientations_iPhone = "UIInterfaceOrientationPortrait UIInterfaceOrientationLandscapeLeft UIInterfaceOrientationLandscapeRight";
				LD_RUNPATH_SEARCH_PATHS = (
					"$(inherited)",
					"@executable_path/Frameworks",
				);
				MARKETING_VERSION = 1.0;
				PRODUCT_BUNDLE_IDENTIFIER = jisuKim.FloMusicPlayer;
				PRODUCT_NAME = "$(TARGET_NAME)";
				SWIFT_EMIT_LOC_STRINGS = YES;
				SWIFT_VERSION = 5.0;
				TARGETED_DEVICE_FAMILY = "1,2";
			};
			name = Debug;
		};
		F97549AC2AC1E0DA00DA5AFD /* Release */ = {
			isa = XCBuildConfiguration;
			buildSettings = {
				ASSETCATALOG_COMPILER_APPICON_NAME = AppIcon;
				ASSETCATALOG_COMPILER_GLOBAL_ACCENT_COLOR_NAME = AccentColor;
				CODE_SIGN_STYLE = Automatic;
				CURRENT_PROJECT_VERSION = 1;
				DEVELOPMENT_TEAM = 846TMZL7WC;
				GENERATE_INFOPLIST_FILE = YES;
				INFOPLIST_FILE = FloMusicPlayer/Info.plist;
				INFOPLIST_KEY_UIApplicationSupportsIndirectInputEvents = YES;
				INFOPLIST_KEY_UILaunchStoryboardName = LaunchScreen;
				INFOPLIST_KEY_UIMainStoryboardFile = Main;
				INFOPLIST_KEY_UIStatusBarStyle = UIStatusBarStyleDarkContent;
				INFOPLIST_KEY_UISupportedInterfaceOrientations_iPad = "UIInterfaceOrientationPortrait UIInterfaceOrientationPortraitUpsideDown UIInterfaceOrientationLandscapeLeft UIInterfaceOrientationLandscapeRight";
				INFOPLIST_KEY_UISupportedInterfaceOrientations_iPhone = "UIInterfaceOrientationPortrait UIInterfaceOrientationLandscapeLeft UIInterfaceOrientationLandscapeRight";
				LD_RUNPATH_SEARCH_PATHS = (
					"$(inherited)",
					"@executable_path/Frameworks",
				);
				MARKETING_VERSION = 1.0;
				PRODUCT_BUNDLE_IDENTIFIER = jisuKim.FloMusicPlayer;
				PRODUCT_NAME = "$(TARGET_NAME)";
				SWIFT_EMIT_LOC_STRINGS = YES;
				SWIFT_VERSION = 5.0;
				TARGETED_DEVICE_FAMILY = "1,2";
			};
			name = Release;
		};
/* End XCBuildConfiguration section */

/* Begin XCConfigurationList section */
		F97549912AC1E0D900DA5AFD /* Build configuration list for PBXProject "FloMusicPlayer" */ = {
			isa = XCConfigurationList;
			buildConfigurations = (
				F97549A82AC1E0DA00DA5AFD /* Debug */,
				F97549A92AC1E0DA00DA5AFD /* Release */,
			);
			defaultConfigurationIsVisible = 0;
			defaultConfigurationName = Release;
		};
		F97549AA2AC1E0DA00DA5AFD /* Build configuration list for PBXNativeTarget "FloMusicPlayer" */ = {
			isa = XCConfigurationList;
			buildConfigurations = (
				F97549AB2AC1E0DA00DA5AFD /* Debug */,
				F97549AC2AC1E0DA00DA5AFD /* Release */,
			);
			defaultConfigurationIsVisible = 0;
			defaultConfigurationName = Release;
		};
/* End XCConfigurationList section */

/* Begin XCRemoteSwiftPackageReference section */
		F97549AD2AC1E13F00DA5AFD /* XCRemoteSwiftPackageReference "SnapKit" */ = {
			isa = XCRemoteSwiftPackageReference;
			repositoryURL = "https://github.com/SnapKit/SnapKit.git";
			requirement = {
				kind = upToNextMajorVersion;
				minimumVersion = 5.0.0;
			};
		};
		F97549B02AC1E14B00DA5AFD /* XCRemoteSwiftPackageReference "Kingfisher" */ = {
			isa = XCRemoteSwiftPackageReference;
			repositoryURL = "https://github.com/onevcat/Kingfisher.git";
			requirement = {
				kind = upToNextMajorVersion;
				minimumVersion = 7.0.0;
			};
		};
		F97549B32AC1E15600DA5AFD /* XCRemoteSwiftPackageReference "Alamofire" */ = {
			isa = XCRemoteSwiftPackageReference;
			repositoryURL = "https://github.com/Alamofire/Alamofire.git";
			requirement = {
				kind = upToNextMajorVersion;
				minimumVersion = 5.0.0;
			};
		};
		F97549BE2AC3400800DA5AFD /* XCRemoteSwiftPackageReference "RxSwift" */ = {
			isa = XCRemoteSwiftPackageReference;
			repositoryURL = "https://github.com/ReactiveX/RxSwift.git";
			requirement = {
				kind = upToNextMajorVersion;
				minimumVersion = 6.0.0;
			};
		};
		F97549C52AC3402200DA5AFD /* XCRemoteSwiftPackageReference "RxGesture" */ = {
			isa = XCRemoteSwiftPackageReference;
			repositoryURL = "https://github.com/RxSwiftCommunity/RxGesture";
			requirement = {
				kind = upToNextMajorVersion;
				minimumVersion = 4.0.0;
			};
		};
/* End XCRemoteSwiftPackageReference section */

/* Begin XCSwiftPackageProductDependency section */
		F97549AE2AC1E13F00DA5AFD /* SnapKit */ = {
			isa = XCSwiftPackageProductDependency;
			package = F97549AD2AC1E13F00DA5AFD /* XCRemoteSwiftPackageReference "SnapKit" */;
			productName = SnapKit;
		};
		F97549B12AC1E14B00DA5AFD /* Kingfisher */ = {
			isa = XCSwiftPackageProductDependency;
			package = F97549B02AC1E14B00DA5AFD /* XCRemoteSwiftPackageReference "Kingfisher" */;
			productName = Kingfisher;
		};
		F97549B42AC1E15600DA5AFD /* Alamofire */ = {
			isa = XCSwiftPackageProductDependency;
			package = F97549B32AC1E15600DA5AFD /* XCRemoteSwiftPackageReference "Alamofire" */;
			productName = Alamofire;
		};
		F97549BF2AC3400800DA5AFD /* RxCocoa */ = {
			isa = XCSwiftPackageProductDependency;
			package = F97549BE2AC3400800DA5AFD /* XCRemoteSwiftPackageReference "RxSwift" */;
			productName = RxCocoa;
		};
		F97549C12AC3400800DA5AFD /* RxRelay */ = {
			isa = XCSwiftPackageProductDependency;
			package = F97549BE2AC3400800DA5AFD /* XCRemoteSwiftPackageReference "RxSwift" */;
			productName = RxRelay;
		};
		F97549C32AC3400800DA5AFD /* RxSwift */ = {
			isa = XCSwiftPackageProductDependency;
			package = F97549BE2AC3400800DA5AFD /* XCRemoteSwiftPackageReference "RxSwift" */;
			productName = RxSwift;
		};
		F97549C62AC3402200DA5AFD /* RxGesture */ = {
			isa = XCSwiftPackageProductDependency;
			package = F97549C52AC3402200DA5AFD /* XCRemoteSwiftPackageReference "RxGesture" */;
			productName = RxGesture;
		};
/* End XCSwiftPackageProductDependency section */
	};
	rootObject = F975498E2AC1E0D900DA5AFD /* Project object */;
}
